
Microsoft Visual Studio Solution File, Format Version 12.00
# Visual Studio Version 17
VisualStudioVersion = 17.2.32516.85
MinimumVisualStudioVersion = 10.0.40219.1
Project("{FAE04EC0-301F-11D3-BF4B-00C04F79EFBC}") = "FundamentosOK", "FundamentosOK\FundamentosOK.csproj", "{86A0A147-9BE6-400B-B55D-754236516D4A}"
EndProject
Global
	GlobalSection(SolutionConfigurationPlatforms) = preSolution
		Debug|Any CPU = Debug|Any CPU
		Release|Any CPU = Release|Any CPU
	EndGlobalSection
	GlobalSection(ProjectConfigurationPlatforms) = postSolution
		{86A0A147-9BE6-400B-B55D-754236516D4A}.Debug|Any CPU.ActiveCfg = Debug|Any CPU
		{86A0A147-9BE6-400B-B55D-754236516D4A}.Debug|Any CPU.Build.0 = Debug|Any CPU
		{86A0A147-9BE6-400B-B55D-754236516D4A}.Release|Any CPU.ActiveCfg = Release|Any CPU
		{86A0A147-9BE6-400B-B55D-754236516D4A}.Release|Any CPU.Build.0 = Release|Any CPU
	EndGlobalSection
	GlobalSection(SolutionProperties) = preSolution
		HideSolutionNode = FALSE
	EndGlobalSection
	GlobalSection(ExtensibilityGlobals) = postSolution
		SolutionGuid = {A5D40C05-236F-4D72-86BD-3C88AEDA9EDB}
	EndGlobalSection
EndGlobal
